github.com/maragudk/gomponents v0.19.0 h1:OtcWjsavl4in6o8ZE8tX21b8Dk0sgm85PH/F5LWPVzg=
github.com/maragudk/gomponents v0.19.0/go.mod h1:nHkNnZL6ODgMBeJhrZjkMHVvNdoYsfmpKB2/hjdQ0Hg=
github.com/maragudk/gomponents-heroicons v0.4.0 h1:B5X1rHupWcMgn4edqKyyQL5OmNzyIdpHimTzyDX7cjE=
github.com/maragudk/gomponents-heroicons v0.4.0/go.mod h1:kWbLrt7ZSKKn7aFz15uM7ybhjC5v97IxJRxJMnn1FPs=
