github.com/maragudk/gomponents v0.20.0/go.mod h1:nHkNnZL6ODgMBeJhrZjkMHVvNdoYsfmpKB2/hjdQ0Hg=
github.com/maragudk/gomponents v0.20.1 h1:TeJY1fXEcfUvzmvjeUgxol42dvkYMggK1c0V67crWWs=
github.com/maragudk/gomponents v0.20.1/go.mod h1:nHkNnZL6ODgMBeJhrZjkMHVvNdoYsfmpKB2/hjdQ0Hg=
github.com/maragudk/gomponents-heroicons v0.5.0 h1:R1hSNSAK4lynFHZA3ycHkIfBugEfNI0uz43WRa5+Lqo=
github.com/maragudk/gomponents-heroicons v0.5.0/go.mod h1:BdJ7d+F4fa2wDNO6ZQ1eeVHv6GumZzek2xEBI6FIsDM=
